
Microsoft Visual Studio Solution File, Format Version 12.00
# Visual Studio 15
VisualStudioVersion = 15.0.28307.572
MinimumVisualStudioVersion = 10.0.40219.1
Project("{FAE04EC0-301F-11D3-BF4B-00C04F79EFBC}") = "libDAL", "libDAL\libDAL.csproj", "{0BBFA5B2-6ABD-4B5B-8A6E-1252906A6FC2}"
EndProject
Project("{2150E333-8FDC-42A3-9474-1A3956D46DE8}") = "Solution Items", "Solution Items", "{5F11DDF2-A530-4135-B988-CFEEF679A263}"
	ProjectSection(SolutionItems) = preProject
		GitVersionConfig.yaml = GitVersionConfig.yaml
	EndProjectSection
EndProject
Project("{FAE04EC0-301F-11D3-BF4B-00C04F79EFBC}") = "TestConsoleApp_CS", "TestConsoleApp\TestConsoleApp_CS.csproj", "{968785D0-7EFE-4008-874E-A258D9B68B24}"
EndProject
Project("{F184B08F-C81C-45F6-A57F-5ABD9991F28F}") = "TestConsoleApp_VB", "TestConsoleApp_VB\TestConsoleApp_VB.vbproj", "{2BCF13AB-C7B6-4DDE-8DA6-0A664C9F79D7}"
EndProject
Project("{FAE04EC0-301F-11D3-BF4B-00C04F79EFBC}") = "Models", "Models\Models.csproj", "{ED882BA6-E6E6-432A-B54B-D0D5901E3FAA}"
EndProject
Global
	GlobalSection(SolutionConfigurationPlatforms) = preSolution
		Debug|Any CPU = Debug|Any CPU
		Release|Any CPU = Release|Any CPU
	EndGlobalSection
	GlobalSection(ProjectConfigurationPlatforms) = postSolution
		{0BBFA5B2-6ABD-4B5B-8A6E-1252906A6FC2}.Debug|Any CPU.ActiveCfg = Debug|Any CPU
		{0BBFA5B2-6ABD-4B5B-8A6E-1252906A6FC2}.Debug|Any CPU.Build.0 = Debug|Any CPU
		{0BBFA5B2-6ABD-4B5B-8A6E-1252906A6FC2}.Release|Any CPU.ActiveCfg = Release|Any CPU
		{0BBFA5B2-6ABD-4B5B-8A6E-1252906A6FC2}.Release|Any CPU.Build.0 = Release|Any CPU
		{968785D0-7EFE-4008-874E-A258D9B68B24}.Debug|Any CPU.ActiveCfg = Debug|Any CPU
		{968785D0-7EFE-4008-874E-A258D9B68B24}.Debug|Any CPU.Build.0 = Debug|Any CPU
		{968785D0-7EFE-4008-874E-A258D9B68B24}.Release|Any CPU.ActiveCfg = Release|Any CPU
		{968785D0-7EFE-4008-874E-A258D9B68B24}.Release|Any CPU.Build.0 = Release|Any CPU
		{2BCF13AB-C7B6-4DDE-8DA6-0A664C9F79D7}.Debug|Any CPU.ActiveCfg = Debug|Any CPU
		{2BCF13AB-C7B6-4DDE-8DA6-0A664C9F79D7}.Debug|Any CPU.Build.0 = Debug|Any CPU
		{2BCF13AB-C7B6-4DDE-8DA6-0A664C9F79D7}.Release|Any CPU.ActiveCfg = Release|Any CPU
		{2BCF13AB-C7B6-4DDE-8DA6-0A664C9F79D7}.Release|Any CPU.Build.0 = Release|Any CPU
		{ED882BA6-E6E6-432A-B54B-D0D5901E3FAA}.Debug|Any CPU.ActiveCfg = Debug|Any CPU
		{ED882BA6-E6E6-432A-B54B-D0D5901E3FAA}.Debug|Any CPU.Build.0 = Debug|Any CPU
		{ED882BA6-E6E6-432A-B54B-D0D5901E3FAA}.Release|Any CPU.ActiveCfg = Release|Any CPU
		{ED882BA6-E6E6-432A-B54B-D0D5901E3FAA}.Release|Any CPU.Build.0 = Release|Any CPU
	EndGlobalSection
	GlobalSection(SolutionProperties) = preSolution
		HideSolutionNode = FALSE
	EndGlobalSection
	GlobalSection(ExtensibilityGlobals) = postSolution
		SolutionGuid = {EF5D39FC-0D90-422E-90D0-2E148845386F}
	EndGlobalSection
EndGlobal
